
Microsoft Visual Studio Solution File, Format Version 12.00
Project("{FAE04EC0-301F-11D3-BF4B-00C04F79EFBC}") = "Planner_Boulevard_Backend", "Planner_Boulevard_Backend\Planner_Boulevard_Backend.csproj", "{447DF003-6219-49B6-8389-AC81E4BA1126}"
EndProject
Project("{FAE04EC0-301F-11D3-BF4B-00C04F79EFBC}") = "Login", "Login\Login.csproj", "{00C1EAF6-6A41-4FCF-81A2-9D4F785858C7}"
EndProject
Project("{FAE04EC0-301F-11D3-BF4B-00C04F79EFBC}") = "Scheduling", "Scheduling\Scheduling.csproj", "{E009BCAA-699C-4DBC-9A27-9CDDF40FCA9F}"
EndProject
Project("{FAE04EC0-301F-11D3-BF4B-00C04F79EFBC}") = "Worked", "Worked\Worked.csproj", "{AEEDFF03-E19D-4000-90EC-DC4775BA0962}"
EndProject
Global
	GlobalSection(SolutionConfigurationPlatforms) = preSolution
		Debug|Any CPU = Debug|Any CPU
		Release|Any CPU = Release|Any CPU
	EndGlobalSection
	GlobalSection(ProjectConfigurationPlatforms) = postSolution
		{447DF003-6219-49B6-8389-AC81E4BA1126}.Debug|Any CPU.ActiveCfg = Debug|Any CPU
		{447DF003-6219-49B6-8389-AC81E4BA1126}.Debug|Any CPU.Build.0 = Debug|Any CPU
		{447DF003-6219-49B6-8389-AC81E4BA1126}.Release|Any CPU.ActiveCfg = Release|Any CPU
		{447DF003-6219-49B6-8389-AC81E4BA1126}.Release|Any CPU.Build.0 = Release|Any CPU
		{00C1EAF6-6A41-4FCF-81A2-9D4F785858C7}.Debug|Any CPU.ActiveCfg = Debug|Any CPU
		{00C1EAF6-6A41-4FCF-81A2-9D4F785858C7}.Debug|Any CPU.Build.0 = Debug|Any CPU
		{00C1EAF6-6A41-4FCF-81A2-9D4F785858C7}.Release|Any CPU.ActiveCfg = Release|Any CPU
		{00C1EAF6-6A41-4FCF-81A2-9D4F785858C7}.Release|Any CPU.Build.0 = Release|Any CPU
		{E009BCAA-699C-4DBC-9A27-9CDDF40FCA9F}.Debug|Any CPU.ActiveCfg = Debug|Any CPU
		{E009BCAA-699C-4DBC-9A27-9CDDF40FCA9F}.Debug|Any CPU.Build.0 = Debug|Any CPU
		{E009BCAA-699C-4DBC-9A27-9CDDF40FCA9F}.Release|Any CPU.ActiveCfg = Release|Any CPU
		{E009BCAA-699C-4DBC-9A27-9CDDF40FCA9F}.Release|Any CPU.Build.0 = Release|Any CPU
		{AEEDFF03-E19D-4000-90EC-DC4775BA0962}.Debug|Any CPU.ActiveCfg = Debug|Any CPU
		{AEEDFF03-E19D-4000-90EC-DC4775BA0962}.Debug|Any CPU.Build.0 = Debug|Any CPU
		{AEEDFF03-E19D-4000-90EC-DC4775BA0962}.Release|Any CPU.ActiveCfg = Release|Any CPU
		{AEEDFF03-E19D-4000-90EC-DC4775BA0962}.Release|Any CPU.Build.0 = Release|Any CPU
	EndGlobalSection
EndGlobal
